
Microsoft Visual Studio Solution File, Format Version 12.00
# Visual Studio Version 17
VisualStudioVersion = 17.13.35913.81 d17.13
MinimumVisualStudioVersion = 10.0.40219.1
Project("{FAE04EC0-301F-11D3-BF4B-00C04F79EFBC}") = "WarehouseManagementUnia", "WarehouseManagementUnia.csproj", "{F72A1109-2839-4BA1-8E4D-57EA95200FED}"
EndProject
Global
	GlobalSection(SolutionConfigurationPlatforms) = preSolution
		Debug|Any CPU = Debug|Any CPU
		Release|Any CPU = Release|Any CPU
	EndGlobalSection
	GlobalSection(ProjectConfigurationPlatforms) = postSolution
		{F72A1109-2839-4BA1-8E4D-57EA95200FED}.Debug|Any CPU.ActiveCfg = Debug|Any CPU
		{F72A1109-2839-4BA1-8E4D-57EA95200FED}.Debug|Any CPU.Build.0 = Debug|Any CPU
		{F72A1109-2839-4BA1-8E4D-57EA95200FED}.Release|Any CPU.ActiveCfg = Release|Any CPU
		{F72A1109-2839-4BA1-8E4D-57EA95200FED}.Release|Any CPU.Build.0 = Release|Any CPU
	EndGlobalSection
	GlobalSection(SolutionProperties) = preSolution
		HideSolutionNode = FALSE
	EndGlobalSection
	GlobalSection(ExtensibilityGlobals) = postSolution
		SolutionGuid = {C739EF11-46B6-4520-B75E-A2AE8D0F6121}
	EndGlobalSection
EndGlobal
